// !$*UTF8*$!
{
	archiveVersion = 1;
	classes = {
	};
	objectVersion = 56;
	objects = {

/* Begin PBXBuildFile section */
		2E8276102977C59F00C816DB /* AppDelegate.swift in Sources */ = {isa = PBXBuildFile; fileRef = 2E82760F2977C59F00C816DB /* AppDelegate.swift */; };
		2E8276122977C59F00C816DB /* SceneDelegate.swift in Sources */ = {isa = PBXBuildFile; fileRef = 2E8276112977C59F00C816DB /* SceneDelegate.swift */; };
		2E8276142977C59F00C816DB /* ViewController.swift in Sources */ = {isa = PBXBuildFile; fileRef = 2E8276132977C59F00C816DB /* ViewController.swift */; };
		2E8276172977C59F00C816DB /* Main.storyboard in Resources */ = {isa = PBXBuildFile; fileRef = 2E8276152977C59F00C816DB /* Main.storyboard */; };
		2E8276192977C5A500C816DB /* Assets.xcassets in Resources */ = {isa = PBXBuildFile; fileRef = 2E8276182977C5A500C816DB /* Assets.xcassets */; };
		2E82761C2977C5A500C816DB /* LaunchScreen.storyboard in Resources */ = {isa = PBXBuildFile; fileRef = 2E82761A2977C5A500C816DB /* LaunchScreen.storyboard */; };
		2E9C3DC5299D32C7000F03ED /* MainViewController.swift in Sources */ = {isa = PBXBuildFile; fileRef = 2E9C3DC4299D32C7000F03ED /* MainViewController.swift */; };
		2E9C3DC7299D32E5000F03ED /* KaspiQRViewController.swift in Sources */ = {isa = PBXBuildFile; fileRef = 2E9C3DC6299D32E5000F03ED /* KaspiQRViewController.swift */; };
		2E9C3DC9299D32F7000F03ED /* MessagesViewController.swift in Sources */ = {isa = PBXBuildFile; fileRef = 2E9C3DC8299D32F7000F03ED /* MessagesViewController.swift */; };
		2E9C3DCB299D3309000F03ED /* ServicesViewController.swift in Sources */ = {isa = PBXBuildFile; fileRef = 2E9C3DCA299D3308000F03ED /* ServicesViewController.swift */; };
		2E9C3DCF299D38DD000F03ED /* Constants.swift in Sources */ = {isa = PBXBuildFile; fileRef = 2E9C3DCE299D38DD000F03ED /* Constants.swift */; };
		2E9C3DD1299D3922000F03ED /* NewsCollectionViewCell.swift in Sources */ = {isa = PBXBuildFile; fileRef = 2E9C3DD0299D3922000F03ED /* NewsCollectionViewCell.swift */; };
		2EC3F3E9299D5113003C27DB /* MessagesCollectionViewCell.swift in Sources */ = {isa = PBXBuildFile; fileRef = 2EC3F3E8299D5113003C27DB /* MessagesCollectionViewCell.swift */; };
		2EC3F3EB299D512B003C27DB /* MessagesTableViewCell.swift in Sources */ = {isa = PBXBuildFile; fileRef = 2EC3F3EA299D512B003C27DB /* MessagesTableViewCell.swift */; };
		2EC3F3ED299E1623003C27DB /* ServicesTwoCollectionViewCell.swift in Sources */ = {isa = PBXBuildFile; fileRef = 2EC3F3EC299E1623003C27DB /* ServicesTwoCollectionViewCell.swift */; };
		2EC3F3F1299E2ECE003C27DB /* SectionHeaderView.swift in Sources */ = {isa = PBXBuildFile; fileRef = 2EC3F3F0299E2ECE003C27DB /* SectionHeaderView.swift */; };
		A393E49F48C9B6096C45538D /* Pods_collectionView.framework in Frameworks */ = {isa = PBXBuildFile; fileRef = 79D1799B6975232CB79B8BB2 /* Pods_collectionView.framework */; };
/* End PBXBuildFile section */

/* Begin PBXFileReference section */
		2E82760C2977C59F00C816DB /* collectionView.app */ = {isa = PBXFileReference; explicitFileType = wrapper.application; includeInIndex = 0; path = collectionView.app; sourceTree = BUILT_PRODUCTS_DIR; };
		2E82760F2977C59F00C816DB /* AppDelegate.swift */ = {isa = PBXFileReference; lastKnownFileType = sourcecode.swift; path = AppDelegate.swift; sourceTree = "<group>"; };
		2E8276112977C59F00C816DB /* SceneDelegate.swift */ = {isa = PBXFileReference; lastKnownFileType = sourcecode.swift; path = SceneDelegate.swift; sourceTree = "<group>"; };
		2E8276132977C59F00C816DB /* ViewController.swift */ = {isa = PBXFileReference; lastKnownFileType = sourcecode.swift; path = ViewController.swift; sourceTree = "<group>"; };
		2E8276162977C59F00C816DB /* Base */ = {isa = PBXFileReference; lastKnownFileType = file.storyboard; name = Base; path = Base.lproj/Main.storyboard; sourceTree = "<group>"; };
		2E8276182977C5A500C816DB /* Assets.xcassets */ = {isa = PBXFileReference; lastKnownFileType = folder.assetcatalog; path = Assets.xcassets; sourceTree = "<group>"; };
		2E82761B2977C5A500C816DB /* Base */ = {isa = PBXFileReference; lastKnownFileType = file.storyboard; name = Base; path = Base.lproj/LaunchScreen.storyboard; sourceTree = "<group>"; };
		2E82761D2977C5A500C816DB /* Info.plist */ = {isa = PBXFileReference; lastKnownFileType = text.plist.xml; path = Info.plist; sourceTree = "<group>"; };
		2E9C3DC4299D32C7000F03ED /* MainViewController.swift */ = {isa = PBXFileReference; lastKnownFileType = sourcecode.swift; path = MainViewController.swift; sourceTree = "<group>"; };
		2E9C3DC6299D32E5000F03ED /* KaspiQRViewController.swift */ = {isa = PBXFileReference; lastKnownFileType = sourcecode.swift; path = KaspiQRViewController.swift; sourceTree = "<group>"; };
		2E9C3DC8299D32F7000F03ED /* MessagesViewController.swift */ = {isa = PBXFileReference; lastKnownFileType = sourcecode.swift; path = MessagesViewController.swift; sourceTree = "<group>"; };
		2E9C3DCA299D3308000F03ED /* ServicesViewController.swift */ = {isa = PBXFileReference; lastKnownFileType = sourcecode.swift; path = ServicesViewController.swift; sourceTree = "<group>"; };
		2E9C3DCE299D38DD000F03ED /* Constants.swift */ = {isa = PBXFileReference; lastKnownFileType = sourcecode.swift; path = Constants.swift; sourceTree = "<group>"; };
		2E9C3DD0299D3922000F03ED /* NewsCollectionViewCell.swift */ = {isa = PBXFileReference; lastKnownFileType = sourcecode.swift; path = NewsCollectionViewCell.swift; sourceTree = "<group>"; };
		2EC3F3E8299D5113003C27DB /* MessagesCollectionViewCell.swift */ = {isa = PBXFileReference; lastKnownFileType = sourcecode.swift; path = MessagesCollectionViewCell.swift; sourceTree = "<group>"; };
		2EC3F3EA299D512B003C27DB /* MessagesTableViewCell.swift */ = {isa = PBXFileReference; lastKnownFileType = sourcecode.swift; path = MessagesTableViewCell.swift; sourceTree = "<group>"; };
		2EC3F3EC299E1623003C27DB /* ServicesTwoCollectionViewCell.swift */ = {isa = PBXFileReference; lastKnownFileType = sourcecode.swift; path = ServicesTwoCollectionViewCell.swift; sourceTree = "<group>"; };
		2EC3F3F0299E2ECE003C27DB /* SectionHeaderView.swift */ = {isa = PBXFileReference; lastKnownFileType = sourcecode.swift; path = SectionHeaderView.swift; sourceTree = "<group>"; };
		67AEFB5487DCEFD68733E782 /* Pods-collectionView.debug.xcconfig */ = {isa = PBXFileReference; includeInIndex = 1; lastKnownFileType = text.xcconfig; name = "Pods-collectionView.debug.xcconfig"; path = "Target Support Files/Pods-collectionView/Pods-collectionView.debug.xcconfig"; sourceTree = "<group>"; };
		79D1799B6975232CB79B8BB2 /* Pods_collectionView.framework */ = {isa = PBXFileReference; explicitFileType = wrapper.framework; includeInIndex = 0; path = Pods_collectionView.framework; sourceTree = BUILT_PRODUCTS_DIR; };
		E3FADBE079B6847C07BB36DF /* Pods-collectionView.release.xcconfig */ = {isa = PBXFileReference; includeInIndex = 1; lastKnownFileType = text.xcconfig; name = "Pods-collectionView.release.xcconfig"; path = "Target Support Files/Pods-collectionView/Pods-collectionView.release.xcconfig"; sourceTree = "<group>"; };
/* End PBXFileReference section */

/* Begin PBXFrameworksBuildPhase section */
		2E8276092977C59F00C816DB /* Frameworks */ = {
			isa = PBXFrameworksBuildPhase;
			buildActionMask = 2147483647;
			files = (
				A393E49F48C9B6096C45538D /* Pods_collectionView.framework in Frameworks */,
			);
			runOnlyForDeploymentPostprocessing = 0;
		};
/* End PBXFrameworksBuildPhase section */

/* Begin PBXGroup section */
		2E8276032977C59E00C816DB = {
			isa = PBXGroup;
			children = (
				2E82760E2977C59F00C816DB /* collectionView */,
				2E82760D2977C59F00C816DB /* Products */,
				F83E4B5FD81339E91CE5033B /* Pods */,
				49A9C154C93FC201845FD550 /* Frameworks */,
			);
			sourceTree = "<group>";
		};
		2E82760D2977C59F00C816DB /* Products */ = {
			isa = PBXGroup;
			children = (
				2E82760C2977C59F00C816DB /* collectionView.app */,
			);
			name = Products;
			sourceTree = "<group>";
		};
		2E82760E2977C59F00C816DB /* collectionView */ = {
			isa = PBXGroup;
			children = (
				2E9C3DCC299D38A0000F03ED /* views */,
				2E9C3DC3299D32A3000F03ED /* viewcontrollers */,
				2E82760F2977C59F00C816DB /* AppDelegate.swift */,
				2E8276112977C59F00C816DB /* SceneDelegate.swift */,
				2E9C3DCE299D38DD000F03ED /* Constants.swift */,
				2E8276132977C59F00C816DB /* ViewController.swift */,
				2E8276152977C59F00C816DB /* Main.storyboard */,
				2E8276182977C5A500C816DB /* Assets.xcassets */,
				2E82761A2977C5A500C816DB /* LaunchScreen.storyboard */,
				2E82761D2977C5A500C816DB /* Info.plist */,
			);
			path = collectionView;
			sourceTree = "<group>";
		};
		2E9C3DC3299D32A3000F03ED /* viewcontrollers */ = {
			isa = PBXGroup;
			children = (
				2E9C3DC4299D32C7000F03ED /* MainViewController.swift */,
				2E9C3DC8299D32F7000F03ED /* MessagesViewController.swift */,
				2E9C3DC6299D32E5000F03ED /* KaspiQRViewController.swift */,
				2E9C3DCA299D3308000F03ED /* ServicesViewController.swift */,
			);
			path = viewcontrollers;
			sourceTree = "<group>";
		};
		2E9C3DCC299D38A0000F03ED /* views */ = {
			isa = PBXGroup;
			children = (
				2E9C3DD0299D3922000F03ED /* NewsCollectionViewCell.swift */,
				2EC3F3E8299D5113003C27DB /* MessagesCollectionViewCell.swift */,
				2EC3F3EA299D512B003C27DB /* MessagesTableViewCell.swift */,
				2EC3F3EC299E1623003C27DB /* ServicesTwoCollectionViewCell.swift */,
				2EC3F3F0299E2ECE003C27DB /* SectionHeaderView.swift */,
			);
			path = views;
			sourceTree = "<group>";
		};
		49A9C154C93FC201845FD550 /* Frameworks */ = {
			isa = PBXGroup;
			children = (
				79D1799B6975232CB79B8BB2 /* Pods_collectionView.framework */,
			);
			name = Frameworks;
			sourceTree = "<group>";
		};
		F83E4B5FD81339E91CE5033B /* Pods */ = {
			isa = PBXGroup;
			children = (
				67AEFB5487DCEFD68733E782 /* Pods-collectionView.debug.xcconfig */,
				E3FADBE079B6847C07BB36DF /* Pods-collectionView.release.xcconfig */,
			);
			path = Pods;
			sourceTree = "<group>";
		};
/* End PBXGroup section */

/* Begin PBXNativeTarget section */
		2E82760B2977C59F00C816DB /* collectionView */ = {
			isa = PBXNativeTarget;
			buildConfigurationList = 2E8276202977C5A500C816DB /* Build configuration list for PBXNativeTarget "collectionView" */;
			buildPhases = (
				6874091C1A6562F77F393F1E /* [CP] Check Pods Manifest.lock */,
				2E8276082977C59F00C816DB /* Sources */,
				2E8276092977C59F00C816DB /* Frameworks */,
				2E82760A2977C59F00C816DB /* Resources */,
				0C38F40BF6A2A9059D72DFD2 /* [CP] Embed Pods Frameworks */,
			);
			buildRules = (
			);
			dependencies = (
			);
			name = collectionView;
			productName = collectionView;
			productReference = 2E82760C2977C59F00C816DB /* collectionView.app */;
			productType = "com.apple.product-type.application";
		};
/* End PBXNativeTarget section */

/* Begin PBXProject section */
		2E8276042977C59E00C816DB /* Project object */ = {
			isa = PBXProject;
			attributes = {
				BuildIndependentTargetsInParallel = 1;
				LastSwiftUpdateCheck = 1410;
				LastUpgradeCheck = 1410;
				TargetAttributes = {
					2E82760B2977C59F00C816DB = {
						CreatedOnToolsVersion = 14.1;
					};
				};
			};
			buildConfigurationList = 2E8276072977C59E00C816DB /* Build configuration list for PBXProject "collectionView" */;
			compatibilityVersion = "Xcode 14.0";
			developmentRegion = en;
			hasScannedForEncodings = 0;
			knownRegions = (
				en,
				Base,
			);
			mainGroup = 2E8276032977C59E00C816DB;
			productRefGroup = 2E82760D2977C59F00C816DB /* Products */;
			projectDirPath = "";
			projectRoot = "";
			targets = (
				2E82760B2977C59F00C816DB /* collectionView */,
			);
		};
/* End PBXProject section */

/* Begin PBXResourcesBuildPhase section */
		2E82760A2977C59F00C816DB /* Resources */ = {
			isa = PBXResourcesBuildPhase;
			buildActionMask = 2147483647;
			files = (
				2E82761C2977C5A500C816DB /* LaunchScreen.storyboard in Resources */,
				2E8276192977C5A500C816DB /* Assets.xcassets in Resources */,
				2E8276172977C59F00C816DB /* Main.storyboard in Resources */,
			);
			runOnlyForDeploymentPostprocessing = 0;
		};
/* End PBXResourcesBuildPhase section */

/* Begin PBXShellScriptBuildPhase section */
		0C38F40BF6A2A9059D72DFD2 /* [CP] Embed Pods Frameworks */ = {
			isa = PBXShellScriptBuildPhase;
			buildActionMask = 2147483647;
			files = (
			);
			inputFileListPaths = (
				"${PODS_ROOT}/Target Support Files/Pods-collectionView/Pods-collectionView-frameworks-${CONFIGURATION}-input-files.xcfilelist",
			);
			name = "[CP] Embed Pods Frameworks";
			outputFileListPaths = (
				"${PODS_ROOT}/Target Support Files/Pods-collectionView/Pods-collectionView-frameworks-${CONFIGURATION}-output-files.xcfilelist",
			);
			runOnlyForDeploymentPostprocessing = 0;
			shellPath = /bin/sh;
			shellScript = "\"${PODS_ROOT}/Target Support Files/Pods-collectionView/Pods-collectionView-frameworks.sh\"\n";
			showEnvVarsInLog = 0;
		};
		6874091C1A6562F77F393F1E /* [CP] Check Pods Manifest.lock */ = {
			isa = PBXShellScriptBuildPhase;
			buildActionMask = 2147483647;
			files = (
			);
			inputFileListPaths = (
			);
			inputPaths = (
				"${PODS_PODFILE_DIR_PATH}/Podfile.lock",
				"${PODS_ROOT}/Manifest.lock",
			);
			name = "[CP] Check Pods Manifest.lock";
			outputFileListPaths = (
			);
			outputPaths = (
				"$(DERIVED_FILE_DIR)/Pods-collectionView-checkManifestLockResult.txt",
			);
			runOnlyForDeploymentPostprocessing = 0;
			shellPath = /bin/sh;
			shellScript = "diff \"${PODS_PODFILE_DIR_PATH}/Podfile.lock\" \"${PODS_ROOT}/Manifest.lock\" > /dev/null\nif [ $? != 0 ] ; then\n    # print error to STDERR\n    echo \"error: The sandbox is not in sync with the Podfile.lock. Run 'pod install' or update your CocoaPods installation.\" >&2\n    exit 1\nfi\n# This output is used by Xcode 'outputs' to avoid re-running this script phase.\necho \"SUCCESS\" > \"${SCRIPT_OUTPUT_FILE_0}\"\n";
			showEnvVarsInLog = 0;
		};
/* End PBXShellScriptBuildPhase section */

/* Begin PBXSourcesBuildPhase section */
		2E8276082977C59F00C816DB /* Sources */ = {
			isa = PBXSourcesBuildPhase;
			buildActionMask = 2147483647;
			files = (
				2EC3F3ED299E1623003C27DB /* ServicesTwoCollectionViewCell.swift in Sources */,
				2E9C3DC9299D32F7000F03ED /* MessagesViewController.swift in Sources */,
				2E9C3DCB299D3309000F03ED /* ServicesViewController.swift in Sources */,
				2EC3F3EB299D512B003C27DB /* MessagesTableViewCell.swift in Sources */,
				2E8276142977C59F00C816DB /* ViewController.swift in Sources */,
				2EC3F3E9299D5113003C27DB /* MessagesCollectionViewCell.swift in Sources */,
				2EC3F3F1299E2ECE003C27DB /* SectionHeaderView.swift in Sources */,
				2E8276102977C59F00C816DB /* AppDelegate.swift in Sources */,
				2E9C3DC7299D32E5000F03ED /* KaspiQRViewController.swift in Sources */,
				2E8276122977C59F00C816DB /* SceneDelegate.swift in Sources */,
				2E9C3DC5299D32C7000F03ED /* MainViewController.swift in Sources */,
				2E9C3DD1299D3922000F03ED /* NewsCollectionViewCell.swift in Sources */,
				2E9C3DCF299D38DD000F03ED /* Constants.swift in Sources */,
			);
			runOnlyForDeploymentPostprocessing = 0;
		};
/* End PBXSourcesBuildPhase section */

/* Begin PBXVariantGroup section */
		2E8276152977C59F00C816DB /* Main.storyboard */ = {
			isa = PBXVariantGroup;
			children = (
				2E8276162977C59F00C816DB /* Base */,
			);
			name = Main.storyboard;
			sourceTree = "<group>";
		};
		2E82761A2977C5A500C816DB /* LaunchScreen.storyboard */ = {
			isa = PBXVariantGroup;
			children = (
				2E82761B2977C5A500C816DB /* Base */,
			);
			name = LaunchScreen.storyboard;
			sourceTree = "<group>";
		};
/* End PBXVariantGroup section */

/* Begin XCBuildConfiguration section */
		2E82761E2977C5A500C816DB /* Debug */ = {
			isa = XCBuildConfiguration;
			buildSettings = {
				ALWAYS_SEARCH_USER_PATHS = NO;
				CLANG_ANALYZER_NONNULL = YES;
				CLANG_ANALYZER_NUMBER_OBJECT_CONVERSION = YES_AGGRESSIVE;
				CLANG_CXX_LANGUAGE_STANDARD = "gnu++20";
				CLANG_ENABLE_MODULES = YES;
				CLANG_ENABLE_OBJC_ARC = YES;
				CLANG_ENABLE_OBJC_WEAK = YES;
				CLANG_WARN_BLOCK_CAPTURE_AUTORELEASING = YES;
				CLANG_WARN_BOOL_CONVERSION = YES;
				CLANG_WARN_COMMA = YES;
				CLANG_WARN_CONSTANT_CONVERSION = YES;
				CLANG_WARN_DEPRECATED_OBJC_IMPLEMENTATIONS = YES;
				CLANG_WARN_DIRECT_OBJC_ISA_USAGE = YES_ERROR;
				CLANG_WARN_DOCUMENTATION_COMMENTS = YES;
				CLANG_WARN_EMPTY_BODY = YES;
				CLANG_WARN_ENUM_CONVERSION = YES;
				CLANG_WARN_INFINITE_RECURSION = YES;
				CLANG_WARN_INT_CONVERSION = YES;
				CLANG_WARN_NON_LITERAL_NULL_CONVERSION = YES;
				CLANG_WARN_OBJC_IMPLICIT_RETAIN_SELF = YES;
				CLANG_WARN_OBJC_LITERAL_CONVERSION = YES;
				CLANG_WARN_OBJC_ROOT_CLASS = YES_ERROR;
				CLANG_WARN_QUOTED_INCLUDE_IN_FRAMEWORK_HEADER = YES;
				CLANG_WARN_RANGE_LOOP_ANALYSIS = YES;
				CLANG_WARN_STRICT_PROTOTYPES = YES;
				CLANG_WARN_SUSPICIOUS_MOVE = YES;
				CLANG_WARN_UNGUARDED_AVAILABILITY = YES_AGGRESSIVE;
				CLANG_WARN_UNREACHABLE_CODE = YES;
				CLANG_WARN__DUPLICATE_METHOD_MATCH = YES;
				COPY_PHASE_STRIP = NO;
				DEBUG_INFORMATION_FORMAT = dwarf;
				ENABLE_STRICT_OBJC_MSGSEND = YES;
				ENABLE_TESTABILITY = YES;
				GCC_C_LANGUAGE_STANDARD = gnu11;
				GCC_DYNAMIC_NO_PIC = NO;
				GCC_NO_COMMON_BLOCKS = YES;
				GCC_OPTIMIZATION_LEVEL = 0;
				GCC_PREPROCESSOR_DEFINITIONS = (
					"DEBUG=1",
					"$(inherited)",
				);
				GCC_WARN_64_TO_32_BIT_CONVERSION = YES;
				GCC_WARN_ABOUT_RETURN_TYPE = YES_ERROR;
				GCC_WARN_UNDECLARED_SELECTOR = YES;
				GCC_WARN_UNINITIALIZED_AUTOS = YES_AGGRESSIVE;
				GCC_WARN_UNUSED_FUNCTION = YES;
				GCC_WARN_UNUSED_VARIABLE = YES;
				IPHONEOS_DEPLOYMENT_TARGET = 16.1;
				MTL_ENABLE_DEBUG_INFO = INCLUDE_SOURCE;
				MTL_FAST_MATH = YES;
				ONLY_ACTIVE_ARCH = YES;
				SDKROOT = iphoneos;
				SWIFT_ACTIVE_COMPILATION_CONDITIONS = DEBUG;
				SWIFT_OPTIMIZATION_LEVEL = "-Onone";
			};
			name = Debug;
		};
		2E82761F2977C5A500C816DB /* Release */ = {
			isa = XCBuildConfiguration;
			buildSettings = {
				ALWAYS_SEARCH_USER_PATHS = NO;
				CLANG_ANALYZER_NONNULL = YES;
				CLANG_ANALYZER_NUMBER_OBJECT_CONVERSION = YES_AGGRESSIVE;
				CLANG_CXX_LANGUAGE_STANDARD = "gnu++20";
				CLANG_ENABLE_MODULES = YES;
				CLANG_ENABLE_OBJC_ARC = YES;
				CLANG_ENABLE_OBJC_WEAK = YES;
				CLANG_WARN_BLOCK_CAPTURE_AUTORELEASING = YES;
				CLANG_WARN_BOOL_CONVERSION = YES;
				CLANG_WARN_COMMA = YES;
				CLANG_WARN_CONSTANT_CONVERSION = YES;
				CLANG_WARN_DEPRECATED_OBJC_IMPLEMENTATIONS = YES;
				CLANG_WARN_DIRECT_OBJC_ISA_USAGE = YES_ERROR;
				CLANG_WARN_DOCUMENTATION_COMMENTS = YES;
				CLANG_WARN_EMPTY_BODY = YES;
				CLANG_WARN_ENUM_CONVERSION = YES;
				CLANG_WARN_INFINITE_RECURSION = YES;
				CLANG_WARN_INT_CONVERSION = YES;
				CLANG_WARN_NON_LITERAL_NULL_CONVERSION = YES;
				CLANG_WARN_OBJC_IMPLICIT_RETAIN_SELF = YES;
				CLANG_WARN_OBJC_LITERAL_CONVERSION = YES;
				CLANG_WARN_OBJC_ROOT_CLASS = YES_ERROR;
				CLANG_WARN_QUOTED_INCLUDE_IN_FRAMEWORK_HEADER = YES;
				CLANG_WARN_RANGE_LOOP_ANALYSIS = YES;
				CLANG_WARN_STRICT_PROTOTYPES = YES;
				CLANG_WARN_SUSPICIOUS_MOVE = YES;
				CLANG_WARN_UNGUARDED_AVAILABILITY = YES_AGGRESSIVE;
				CLANG_WARN_UNREACHABLE_CODE = YES;
				CLANG_WARN__DUPLICATE_METHOD_MATCH = YES;
				COPY_PHASE_STRIP = NO;
				DEBUG_INFORMATION_FORMAT = "dwarf-with-dsym";
				ENABLE_NS_ASSERTIONS = NO;
				ENABLE_STRICT_OBJC_MSGSEND = YES;
				GCC_C_LANGUAGE_STANDARD = gnu11;
				GCC_NO_COMMON_BLOCKS = YES;
				GCC_WARN_64_TO_32_BIT_CONVERSION = YES;
				GCC_WARN_ABOUT_RETURN_TYPE = YES_ERROR;
				GCC_WARN_UNDECLARED_SELECTOR = YES;
				GCC_WARN_UNINITIALIZED_AUTOS = YES_AGGRESSIVE;
				GCC_WARN_UNUSED_FUNCTION = YES;
				GCC_WARN_UNUSED_VARIABLE = YES;
				IPHONEOS_DEPLOYMENT_TARGET = 16.1;
				MTL_ENABLE_DEBUG_INFO = NO;
				MTL_FAST_MATH = YES;
				SDKROOT = iphoneos;
				SWIFT_COMPILATION_MODE = wholemodule;
				SWIFT_OPTIMIZATION_LEVEL = "-O";
				VALIDATE_PRODUCT = YES;
			};
			name = Release;
		};
		2E8276212977C5A500C816DB /* Debug */ = {
			isa = XCBuildConfiguration;
			baseConfigurationReference = 67AEFB5487DCEFD68733E782 /* Pods-collectionView.debug.xcconfig */;
			buildSettings = {
				ASSETCATALOG_COMPILER_APPICON_NAME = AppIcon;
				ASSETCATALOG_COMPILER_GLOBAL_ACCENT_COLOR_NAME = AccentColor;
				CODE_SIGN_STYLE = Automatic;
				CURRENT_PROJECT_VERSION = 1;
				GENERATE_INFOPLIST_FILE = YES;
				INFOPLIST_FILE = collectionView/Info.plist;
				INFOPLIST_KEY_UIApplicationSupportsIndirectInputEvents = YES;
				INFOPLIST_KEY_UILaunchStoryboardName = LaunchScreen;
				INFOPLIST_KEY_UIMainStoryboardFile = Main;
				INFOPLIST_KEY_UISupportedInterfaceOrientations_iPad = "UIInterfaceOrientationPortrait UIInterfaceOrientationPortraitUpsideDown UIInterfaceOrientationLandscapeLeft UIInterfaceOrientationLandscapeRight";
				INFOPLIST_KEY_UISupportedInterfaceOrientations_iPhone = "UIInterfaceOrientationPortrait UIInterfaceOrientationLandscapeLeft UIInterfaceOrientationLandscapeRight";
				LD_RUNPATH_SEARCH_PATHS = (
					"$(inherited)",
					"@executable_path/Frameworks",
				);
				MARKETING_VERSION = 1.0;
				PRODUCT_BUNDLE_IDENTIFIER = com.karnelius.collectionView;
				PRODUCT_NAME = "$(TARGET_NAME)";
				SWIFT_EMIT_LOC_STRINGS = YES;
				SWIFT_VERSION = 5.0;
				TARGETED_DEVICE_FAMILY = "1,2";
			};
			name = Debug;
		};
		2E8276222977C5A500C816DB /* Release */ = {
			isa = XCBuildConfiguration;
			baseConfigurationReference = E3FADBE079B6847C07BB36DF /* Pods-collectionView.release.xcconfig */;
			buildSettings = {
				ASSETCATALOG_COMPILER_APPICON_NAME = AppIcon;
				ASSETCATALOG_COMPILER_GLOBAL_ACCENT_COLOR_NAME = AccentColor;
				CODE_SIGN_STYLE = Automatic;
				CURRENT_PROJECT_VERSION = 1;
				GENERATE_INFOPLIST_FILE = YES;
				INFOPLIST_FILE = collectionView/Info.plist;
				INFOPLIST_KEY_UIApplicationSupportsIndirectInputEvents = YES;
				INFOPLIST_KEY_UILaunchStoryboardName = LaunchScreen;
				INFOPLIST_KEY_UIMainStoryboardFile = Main;
				INFOPLIST_KEY_UISupportedInterfaceOrientations_iPad = "UIInterfaceOrientationPortrait UIInterfaceOrientationPortraitUpsideDown UIInterfaceOrientationLandscapeLeft UIInterfaceOrientationLandscapeRight";
				INFOPLIST_KEY_UISupportedInterfaceOrientations_iPhone = "UIInterfaceOrientationPortrait UIInterfaceOrientationLandscapeLeft UIInterfaceOrientationLandscapeRight";
				LD_RUNPATH_SEARCH_PATHS = (
					"$(inherited)",
					"@executable_path/Frameworks",
				);
				MARKETING_VERSION = 1.0;
				PRODUCT_BUNDLE_IDENTIFIER = com.karnelius.collectionView;
				PRODUCT_NAME = "$(TARGET_NAME)";
				SWIFT_EMIT_LOC_STRINGS = YES;
				SWIFT_VERSION = 5.0;
				TARGETED_DEVICE_FAMILY = "1,2";
			};
			name = Release;
		};
/* End XCBuildConfiguration section */

/* Begin XCConfigurationList section */
		2E8276072977C59E00C816DB /* Build configuration list for PBXProject "collectionView" */ = {
			isa = XCConfigurationList;
			buildConfigurations = (
				2E82761E2977C5A500C816DB /* Debug */,
				2E82761F2977C5A500C816DB /* Release */,
			);
			defaultConfigurationIsVisible = 0;
			defaultConfigurationName = Release;
		};
		2E8276202977C5A500C816DB /* Build configuration list for PBXNativeTarget "collectionView" */ = {
			isa = XCConfigurationList;
			buildConfigurations = (
				2E8276212977C5A500C816DB /* Debug */,
				2E8276222977C5A500C816DB /* Release */,
			);
			defaultConfigurationIsVisible = 0;
			defaultConfigurationName = Release;
		};
/* End XCConfigurationList section */
	};
	rootObject = 2E8276042977C59E00C816DB /* Project object */;
}
